
Microsoft Visual Studio Solution File, Format Version 12.00
# Visual Studio 14
VisualStudioVersion = 14.0.23107.0
MinimumVisualStudioVersion = 10.0.40219.1
Project("{FAE04EC0-301F-11D3-BF4B-00C04F79EFBC}") = "ScnEditorGUI", "ScnEditorGUI\ScnEditorGUI.csproj", "{838B7676-AEB7-4509-B1D0-E439D6599D0D}"
EndProject
Project("{FAE04EC0-301F-11D3-BF4B-00C04F79EFBC}") = "KrKrSceneManager", "KrKrSceneManager\KrKrSceneManager.csproj", "{77B183F4-656E-4FEC-A424-891382B64FA9}"
EndProject
Global
	GlobalSection(SolutionConfigurationPlatforms) = preSolution
		Debug|Any CPU = Debug|Any CPU
		Release|Any CPU = Release|Any CPU
	EndGlobalSection
	GlobalSection(ProjectConfigurationPlatforms) = postSolution
		{838B7676-AEB7-4509-B1D0-E439D6599D0D}.Debug|Any CPU.ActiveCfg = Debug|Any CPU
		{838B7676-AEB7-4509-B1D0-E439D6599D0D}.Debug|Any CPU.Build.0 = Debug|Any CPU
		{838B7676-AEB7-4509-B1D0-E439D6599D0D}.Release|Any CPU.ActiveCfg = Release|Any CPU
		{838B7676-AEB7-4509-B1D0-E439D6599D0D}.Release|Any CPU.Build.0 = Release|Any CPU
		{77B183F4-656E-4FEC-A424-891382B64FA9}.Debug|Any CPU.ActiveCfg = Debug|Any CPU
		{77B183F4-656E-4FEC-A424-891382B64FA9}.Debug|Any CPU.Build.0 = Debug|Any CPU
		{77B183F4-656E-4FEC-A424-891382B64FA9}.Release|Any CPU.ActiveCfg = Release|Any CPU
		{77B183F4-656E-4FEC-A424-891382B64FA9}.Release|Any CPU.Build.0 = Release|Any CPU
	EndGlobalSection
	GlobalSection(SolutionProperties) = preSolution
		HideSolutionNode = FALSE
	EndGlobalSection
EndGlobal
